
Microsoft Visual Studio Solution File, Format Version 12.00
# Visual Studio Version 16
VisualStudioVersion = 16.0.32929.386
MinimumVisualStudioVersion = 10.0.40219.1
Project("{FAE04EC0-301F-11D3-BF4B-00C04F79EFBC}") = "User Class", "User Class\User Class.csproj", "{E8EFBAAA-05F1-4C7A-874B-61EB22ACB71E}"
EndProject
Global
	GlobalSection(SolutionConfigurationPlatforms) = preSolution
		Debug|Any CPU = Debug|Any CPU
		Release|Any CPU = Release|Any CPU
	EndGlobalSection
	GlobalSection(ProjectConfigurationPlatforms) = postSolution
		{E8EFBAAA-05F1-4C7A-874B-61EB22ACB71E}.Debug|Any CPU.ActiveCfg = Debug|Any CPU
		{E8EFBAAA-05F1-4C7A-874B-61EB22ACB71E}.Debug|Any CPU.Build.0 = Debug|Any CPU
		{E8EFBAAA-05F1-4C7A-874B-61EB22ACB71E}.Release|Any CPU.ActiveCfg = Release|Any CPU
		{E8EFBAAA-05F1-4C7A-874B-61EB22ACB71E}.Release|Any CPU.Build.0 = Release|Any CPU
	EndGlobalSection
	GlobalSection(SolutionProperties) = preSolution
		HideSolutionNode = FALSE
	EndGlobalSection
	GlobalSection(ExtensibilityGlobals) = postSolution
		SolutionGuid = {315AE8AD-463B-4E2C-86F0-74A4969D93D0}
	EndGlobalSection
EndGlobal
